
Microsoft Visual Studio Solution File, Format Version 12.00
# Visual Studio Version 17
VisualStudioVersion = 17.5.002.0
MinimumVisualStudioVersion = 10.0.40219.1
Project("{9A19103F-16F7-4668-BE54-9A1E7A4F7556}") = "GameStore.Api", "GameStore.Api\GameStore.Api.csproj", "{D1373FEF-8E4E-438F-8F6A-12DA20108D3E}"
EndProject
Global
	GlobalSection(SolutionConfigurationPlatforms) = preSolution
		Debug|Any CPU = Debug|Any CPU
		Release|Any CPU = Release|Any CPU
	EndGlobalSection
	GlobalSection(ProjectConfigurationPlatforms) = postSolution
		{D1373FEF-8E4E-438F-8F6A-12DA20108D3E}.Debug|Any CPU.ActiveCfg = Debug|Any CPU
		{D1373FEF-8E4E-438F-8F6A-12DA20108D3E}.Debug|Any CPU.Build.0 = Debug|Any CPU
		{D1373FEF-8E4E-438F-8F6A-12DA20108D3E}.Release|Any CPU.ActiveCfg = Release|Any CPU
		{D1373FEF-8E4E-438F-8F6A-12DA20108D3E}.Release|Any CPU.Build.0 = Release|Any CPU
	EndGlobalSection
	GlobalSection(SolutionProperties) = preSolution
		HideSolutionNode = FALSE
	EndGlobalSection
	GlobalSection(ExtensibilityGlobals) = postSolution
		SolutionGuid = {8E6BEE47-AFAA-479A-B8E5-F970D2E8A071}
	EndGlobalSection
EndGlobal
