
Microsoft Visual Studio Solution File, Format Version 12.00
# Visual Studio Version 17
VisualStudioVersion = 17.5.002.0
MinimumVisualStudioVersion = 10.0.40219.1
Project("{9A19103F-16F7-4668-BE54-9A1E7A4F7556}") = "GameStore.Client", "GameStore.Client.csproj", "{82B9BE4F-665E-40F1-90A3-A98DD8FEC056}"
EndProject
Global
	GlobalSection(SolutionConfigurationPlatforms) = preSolution
		Debug|Any CPU = Debug|Any CPU
		Release|Any CPU = Release|Any CPU
	EndGlobalSection
	GlobalSection(ProjectConfigurationPlatforms) = postSolution
		{82B9BE4F-665E-40F1-90A3-A98DD8FEC056}.Debug|Any CPU.ActiveCfg = Debug|Any CPU
		{82B9BE4F-665E-40F1-90A3-A98DD8FEC056}.Debug|Any CPU.Build.0 = Debug|Any CPU
		{82B9BE4F-665E-40F1-90A3-A98DD8FEC056}.Release|Any CPU.ActiveCfg = Release|Any CPU
		{82B9BE4F-665E-40F1-90A3-A98DD8FEC056}.Release|Any CPU.Build.0 = Release|Any CPU
	EndGlobalSection
	GlobalSection(SolutionProperties) = preSolution
		HideSolutionNode = FALSE
	EndGlobalSection
	GlobalSection(ExtensibilityGlobals) = postSolution
		SolutionGuid = {7179CB62-01D5-4EC9-BF6E-93C42F99859B}
	EndGlobalSection
EndGlobal
